
Microsoft Visual Studio Solution File, Format Version 12.00
# Visual Studio Version 17
VisualStudioVersion = 17.7.34221.43
MinimumVisualStudioVersion = 10.0.40219.1
Project("{FAE04EC0-301F-11D3-BF4B-00C04F79EFBC}") = "zadanie_4_11", "zadanie_4_11\zadanie_4_11.csproj", "{78B630AD-F14B-4568-B4A9-00AFF6B8FA6C}"
EndProject
Global
	GlobalSection(SolutionConfigurationPlatforms) = preSolution
		Debug|Any CPU = Debug|Any CPU
		Release|Any CPU = Release|Any CPU
	EndGlobalSection
	GlobalSection(ProjectConfigurationPlatforms) = postSolution
		{78B630AD-F14B-4568-B4A9-00AFF6B8FA6C}.Debug|Any CPU.ActiveCfg = Debug|Any CPU
		{78B630AD-F14B-4568-B4A9-00AFF6B8FA6C}.Debug|Any CPU.Build.0 = Debug|Any CPU
		{78B630AD-F14B-4568-B4A9-00AFF6B8FA6C}.Release|Any CPU.ActiveCfg = Release|Any CPU
		{78B630AD-F14B-4568-B4A9-00AFF6B8FA6C}.Release|Any CPU.Build.0 = Release|Any CPU
	EndGlobalSection
	GlobalSection(SolutionProperties) = preSolution
		HideSolutionNode = FALSE
	EndGlobalSection
	GlobalSection(ExtensibilityGlobals) = postSolution
		SolutionGuid = {12BEDCB6-685E-4423-B621-DEF47C85F483}
	EndGlobalSection
EndGlobal
